
Microsoft Visual Studio Solution File, Format Version 12.00
# Visual Studio Version 17
VisualStudioVersion = 17.12.35527.113
MinimumVisualStudioVersion = 10.0.40219.1
Project("{FAE04EC0-301F-11D3-BF4B-00C04F79EFBC}") = "HMSDashboard", "HMSDashboard\HMSDashboard.csproj", "{1431876A-D8B5-4913-9132-617965C4A01B}"
EndProject
Global
	GlobalSection(SolutionConfigurationPlatforms) = preSolution
		Debug|Any CPU = Debug|Any CPU
		Release|Any CPU = Release|Any CPU
	EndGlobalSection
	GlobalSection(ProjectConfigurationPlatforms) = postSolution
		{1431876A-D8B5-4913-9132-617965C4A01B}.Debug|Any CPU.ActiveCfg = Debug|Any CPU
		{1431876A-D8B5-4913-9132-617965C4A01B}.Debug|Any CPU.Build.0 = Debug|Any CPU
		{1431876A-D8B5-4913-9132-617965C4A01B}.Release|Any CPU.ActiveCfg = Release|Any CPU
		{1431876A-D8B5-4913-9132-617965C4A01B}.Release|Any CPU.Build.0 = Release|Any CPU
	EndGlobalSection
	GlobalSection(SolutionProperties) = preSolution
		HideSolutionNode = FALSE
	EndGlobalSection
	GlobalSection(ExtensibilityGlobals) = postSolution
		SolutionGuid = {FD0360C2-698F-4B23-B095-6801AB8BD74A}
	EndGlobalSection
EndGlobal
