
Microsoft Visual Studio Solution File, Format Version 12.00
# Visual Studio Version 17
VisualStudioVersion = 17.13.35931.197 d17.13
MinimumVisualStudioVersion = 10.0.40219.1
Project("{FAE04EC0-301F-11D3-BF4B-00C04F79EFBC}") = "ProjectBlackBird", "ProjectBlackBird\ProjectBlackBird.csproj", "{0FD217CD-74EA-42D7-9375-37896BF34579}"
EndProject
Global
	GlobalSection(SolutionConfigurationPlatforms) = preSolution
		Debug|Any CPU = Debug|Any CPU
		Release|Any CPU = Release|Any CPU
	EndGlobalSection
	GlobalSection(ProjectConfigurationPlatforms) = postSolution
		{0FD217CD-74EA-42D7-9375-37896BF34579}.Debug|Any CPU.ActiveCfg = Debug|Any CPU
		{0FD217CD-74EA-42D7-9375-37896BF34579}.Debug|Any CPU.Build.0 = Debug|Any CPU
		{0FD217CD-74EA-42D7-9375-37896BF34579}.Release|Any CPU.ActiveCfg = Release|Any CPU
		{0FD217CD-74EA-42D7-9375-37896BF34579}.Release|Any CPU.Build.0 = Release|Any CPU
	EndGlobalSection
	GlobalSection(SolutionProperties) = preSolution
		HideSolutionNode = FALSE
	EndGlobalSection
	GlobalSection(ExtensibilityGlobals) = postSolution
		SolutionGuid = {0A783428-3937-423D-8510-8D7FAECA52F1}
	EndGlobalSection
EndGlobal
